
Microsoft Visual Studio Solution File, Format Version 12.00
# Visual Studio Version 16
VisualStudioVersion = 16.0.30611.23
MinimumVisualStudioVersion = 10.0.40219.1
Project("{FAE04EC0-301F-11D3-BF4B-00C04F79EFBC}") = "API_MP", "API_MP\API_MP.csproj", "{50C34D3B-9D52-4D0D-83C7-723086ED2858}"
EndProject
Global
	GlobalSection(SolutionConfigurationPlatforms) = preSolution
		Debug|Any CPU = Debug|Any CPU
		Release|Any CPU = Release|Any CPU
	EndGlobalSection
	GlobalSection(ProjectConfigurationPlatforms) = postSolution
		{50C34D3B-9D52-4D0D-83C7-723086ED2858}.Debug|Any CPU.ActiveCfg = Debug|Any CPU
		{50C34D3B-9D52-4D0D-83C7-723086ED2858}.Debug|Any CPU.Build.0 = Debug|Any CPU
		{50C34D3B-9D52-4D0D-83C7-723086ED2858}.Release|Any CPU.ActiveCfg = Release|Any CPU
		{50C34D3B-9D52-4D0D-83C7-723086ED2858}.Release|Any CPU.Build.0 = Release|Any CPU
	EndGlobalSection
	GlobalSection(SolutionProperties) = preSolution
		HideSolutionNode = FALSE
	EndGlobalSection
	GlobalSection(ExtensibilityGlobals) = postSolution
		SolutionGuid = {D14EBEE8-B990-4C7D-BCB6-BFD05D5905D0}
	EndGlobalSection
EndGlobal
